
Microsoft Visual Studio Solution File, Format Version 12.00
# Visual Studio Version 16
VisualStudioVersion = 16.0.28902.138
MinimumVisualStudioVersion = 10.0.40219.1
Project("{888888A0-9F3D-457C-B088-3A5042F75D52}") = "Students", "Students.pyproj", "{2F3078B3-C6FB-47FB-8076-B30A76F1C869}"
EndProject
Global
	GlobalSection(SolutionConfigurationPlatforms) = preSolution
		Debug|Any CPU = Debug|Any CPU
		Release|Any CPU = Release|Any CPU
	EndGlobalSection
	GlobalSection(ProjectConfigurationPlatforms) = postSolution
		{2F3078B3-C6FB-47FB-8076-B30A76F1C869}.Debug|Any CPU.ActiveCfg = Debug|Any CPU
		{2F3078B3-C6FB-47FB-8076-B30A76F1C869}.Release|Any CPU.ActiveCfg = Release|Any CPU
	EndGlobalSection
	GlobalSection(SolutionProperties) = preSolution
		HideSolutionNode = FALSE
	EndGlobalSection
	GlobalSection(ExtensibilityGlobals) = postSolution
		SolutionGuid = {91147752-8A72-4517-85AD-29C233B04EA0}
	EndGlobalSection
EndGlobal
